
Microsoft Visual Studio Solution File, Format Version 12.00
# Visual Studio 15
VisualStudioVersion = 15.0.26430.6
MinimumVisualStudioVersion = 10.0.40219.1
Project("{FAE04EC0-301F-11D3-BF4B-00C04F79EFBC}") = "SubscribeMe", "SubscribeMe\SubscribeMe.csproj", "{53C9419D-7860-4F43-B315-F37747CE8FBE}"
EndProject
Global
	GlobalSection(SolutionConfigurationPlatforms) = preSolution
		Debug|Any CPU = Debug|Any CPU
		Release|Any CPU = Release|Any CPU
	EndGlobalSection
	GlobalSection(ProjectConfigurationPlatforms) = postSolution
		{53C9419D-7860-4F43-B315-F37747CE8FBE}.Debug|Any CPU.ActiveCfg = Debug|Any CPU
		{53C9419D-7860-4F43-B315-F37747CE8FBE}.Debug|Any CPU.Build.0 = Debug|Any CPU
		{53C9419D-7860-4F43-B315-F37747CE8FBE}.Release|Any CPU.ActiveCfg = Release|Any CPU
		{53C9419D-7860-4F43-B315-F37747CE8FBE}.Release|Any CPU.Build.0 = Release|Any CPU
	EndGlobalSection
	GlobalSection(SolutionProperties) = preSolution
		HideSolutionNode = FALSE
	EndGlobalSection
EndGlobal
